
Microsoft Visual Studio Solution File, Format Version 12.00
# Visual Studio Version 16
VisualStudioVersion = 16.0.31729.503
MinimumVisualStudioVersion = 10.0.40219.1
Project("{FAE04EC0-301F-11D3-BF4B-00C04F79EFBC}") = "uygomanTest", "uygomanTest\uygomanTest.csproj", "{3DF5D1C1-E917-4AD3-AEFA-CB7428CF39D6}"
EndProject
Global
	GlobalSection(SolutionConfigurationPlatforms) = preSolution
		Debug|Any CPU = Debug|Any CPU
		Release|Any CPU = Release|Any CPU
	EndGlobalSection
	GlobalSection(ProjectConfigurationPlatforms) = postSolution
		{3DF5D1C1-E917-4AD3-AEFA-CB7428CF39D6}.Debug|Any CPU.ActiveCfg = Debug|Any CPU
		{3DF5D1C1-E917-4AD3-AEFA-CB7428CF39D6}.Debug|Any CPU.Build.0 = Debug|Any CPU
		{3DF5D1C1-E917-4AD3-AEFA-CB7428CF39D6}.Release|Any CPU.ActiveCfg = Release|Any CPU
		{3DF5D1C1-E917-4AD3-AEFA-CB7428CF39D6}.Release|Any CPU.Build.0 = Release|Any CPU
	EndGlobalSection
	GlobalSection(SolutionProperties) = preSolution
		HideSolutionNode = FALSE
	EndGlobalSection
	GlobalSection(ExtensibilityGlobals) = postSolution
		SolutionGuid = {52E1F47A-857E-4297-8BA2-5767BFEBCB1A}
	EndGlobalSection
EndGlobal
